
Microsoft Visual Studio Solution File, Format Version 12.00
# Visual Studio Version 17
VisualStudioVersion = 17.6.33829.357
MinimumVisualStudioVersion = 10.0.40219.1
Project("{FAE04EC0-301F-11D3-BF4B-00C04F79EFBC}") = "RevalsysCrudOperation", "RevalsysCrudOperation\RevalsysCrudOperation.csproj", "{220B36BE-49FD-42C2-B5AB-3EC7698825C3}"
EndProject
Global
	GlobalSection(SolutionConfigurationPlatforms) = preSolution
		Debug|Any CPU = Debug|Any CPU
		Release|Any CPU = Release|Any CPU
	EndGlobalSection
	GlobalSection(ProjectConfigurationPlatforms) = postSolution
		{220B36BE-49FD-42C2-B5AB-3EC7698825C3}.Debug|Any CPU.ActiveCfg = Debug|Any CPU
		{220B36BE-49FD-42C2-B5AB-3EC7698825C3}.Debug|Any CPU.Build.0 = Debug|Any CPU
		{220B36BE-49FD-42C2-B5AB-3EC7698825C3}.Release|Any CPU.ActiveCfg = Release|Any CPU
		{220B36BE-49FD-42C2-B5AB-3EC7698825C3}.Release|Any CPU.Build.0 = Release|Any CPU
	EndGlobalSection
	GlobalSection(SolutionProperties) = preSolution
		HideSolutionNode = FALSE
	EndGlobalSection
	GlobalSection(ExtensibilityGlobals) = postSolution
		SolutionGuid = {DEE71048-B87F-4693-B826-B30DDA12B526}
	EndGlobalSection
EndGlobal
